// !$*UTF8*$!
{
	archiveVersion = 1;
	classes = {
	};
	objectVersion = 56;
	objects = {

/* Begin PBXBuildFile section */
		F12118A32B2051A900469E9C /* ChangePWViewController.swift in Sources */ = {isa = PBXBuildFile; fileRef = F12118A22B2051A900469E9C /* ChangePWViewController.swift */; };
		F123048A2B3A9CD4004A4194 /* NPSfont_bold.ttf in Resources */ = {isa = PBXBuildFile; fileRef = F12304872B3A9CD3004A4194 /* NPSfont_bold.ttf */; };
		F123048B2B3A9CD4004A4194 /* NPSfont_regular.ttf in Resources */ = {isa = PBXBuildFile; fileRef = F12304882B3A9CD3004A4194 /* NPSfont_regular.ttf */; };
		F123048C2B3A9CD4004A4194 /* NPSfont_extrabold.ttf in Resources */ = {isa = PBXBuildFile; fileRef = F12304892B3A9CD3004A4194 /* NPSfont_extrabold.ttf */; };
		F18644A12A9EF99800579A3B /* BaseViewController.swift in Sources */ = {isa = PBXBuildFile; fileRef = F18644A02A9EF99800579A3B /* BaseViewController.swift */; };
		F1C19DCC2AD4D19E00236C55 /* RankingViewController.swift in Sources */ = {isa = PBXBuildFile; fileRef = F1C19DCB2AD4D19E00236C55 /* RankingViewController.swift */; };
		F1C737092A987E2F00B0D8E6 /* LoginViewController.swift in Sources */ = {isa = PBXBuildFile; fileRef = F1C737082A987E2F00B0D8E6 /* LoginViewController.swift */; };
		F1C7370B2A9881B300B0D8E6 /* CreateAccountViewController.swift in Sources */ = {isa = PBXBuildFile; fileRef = F1C7370A2A9881B300B0D8E6 /* CreateAccountViewController.swift */; };
		F1C8BA8C2A9C31F500F3E64D /* MainViewController.swift in Sources */ = {isa = PBXBuildFile; fileRef = F1C8BA8B2A9C31F500F3E64D /* MainViewController.swift */; };
		F1C942FB2A93263B000AEA67 /* AppDelegate.swift in Sources */ = {isa = PBXBuildFile; fileRef = F1C942FA2A93263B000AEA67 /* AppDelegate.swift */; };
		F1C942FD2A93263B000AEA67 /* SceneDelegate.swift in Sources */ = {isa = PBXBuildFile; fileRef = F1C942FC2A93263B000AEA67 /* SceneDelegate.swift */; };
		F1C942FF2A93263B000AEA67 /* GameViewController.swift in Sources */ = {isa = PBXBuildFile; fileRef = F1C942FE2A93263B000AEA67 /* GameViewController.swift */; };
		F1C943022A93263B000AEA67 /* Main.storyboard in Resources */ = {isa = PBXBuildFile; fileRef = F1C943002A93263B000AEA67 /* Main.storyboard */; };
		F1C943042A93263E000AEA67 /* Assets.xcassets in Resources */ = {isa = PBXBuildFile; fileRef = F1C943032A93263E000AEA67 /* Assets.xcassets */; };
		F1C943072A93263E000AEA67 /* LaunchScreen.storyboard in Resources */ = {isa = PBXBuildFile; fileRef = F1C943052A93263E000AEA67 /* LaunchScreen.storyboard */; };
		F1CC249F2AB3E34100D611CF /* DBManager.swift in Sources */ = {isa = PBXBuildFile; fileRef = F1CC249E2AB3E34100D611CF /* DBManager.swift */; };
		F1D611F32ADCF54900FE2EDB /* ProfileViewController.swift in Sources */ = {isa = PBXBuildFile; fileRef = F1D611F22ADCF54900FE2EDB /* ProfileViewController.swift */; };
		F1FEB8312B218246005CA3E0 /* GameResultViewController.swift in Sources */ = {isa = PBXBuildFile; fileRef = F1FEB8302B218246005CA3E0 /* GameResultViewController.swift */; };
/* End PBXBuildFile section */

/* Begin PBXFileReference section */
		F12118A22B2051A900469E9C /* ChangePWViewController.swift */ = {isa = PBXFileReference; lastKnownFileType = sourcecode.swift; path = ChangePWViewController.swift; sourceTree = "<group>"; };
		F12304872B3A9CD3004A4194 /* NPSfont_bold.ttf */ = {isa = PBXFileReference; lastKnownFileType = file; path = NPSfont_bold.ttf; sourceTree = "<group>"; };
		F12304882B3A9CD3004A4194 /* NPSfont_regular.ttf */ = {isa = PBXFileReference; lastKnownFileType = file; path = NPSfont_regular.ttf; sourceTree = "<group>"; };
		F12304892B3A9CD3004A4194 /* NPSfont_extrabold.ttf */ = {isa = PBXFileReference; lastKnownFileType = file; path = NPSfont_extrabold.ttf; sourceTree = "<group>"; };
		F18644A02A9EF99800579A3B /* BaseViewController.swift */ = {isa = PBXFileReference; lastKnownFileType = sourcecode.swift; path = BaseViewController.swift; sourceTree = "<group>"; };
		F1C19DCB2AD4D19E00236C55 /* RankingViewController.swift */ = {isa = PBXFileReference; lastKnownFileType = sourcecode.swift; path = RankingViewController.swift; sourceTree = "<group>"; };
		F1C737082A987E2F00B0D8E6 /* LoginViewController.swift */ = {isa = PBXFileReference; lastKnownFileType = sourcecode.swift; path = LoginViewController.swift; sourceTree = "<group>"; };
		F1C7370A2A9881B300B0D8E6 /* CreateAccountViewController.swift */ = {isa = PBXFileReference; lastKnownFileType = sourcecode.swift; path = CreateAccountViewController.swift; sourceTree = "<group>"; };
		F1C8BA8B2A9C31F500F3E64D /* MainViewController.swift */ = {isa = PBXFileReference; lastKnownFileType = sourcecode.swift; path = MainViewController.swift; sourceTree = "<group>"; };
		F1C942F72A93263B000AEA67 /* 1to50.app */ = {isa = PBXFileReference; explicitFileType = wrapper.application; includeInIndex = 0; path = 1to50.app; sourceTree = BUILT_PRODUCTS_DIR; };
		F1C942FA2A93263B000AEA67 /* AppDelegate.swift */ = {isa = PBXFileReference; lastKnownFileType = sourcecode.swift; path = AppDelegate.swift; sourceTree = "<group>"; };
		F1C942FC2A93263B000AEA67 /* SceneDelegate.swift */ = {isa = PBXFileReference; lastKnownFileType = sourcecode.swift; path = SceneDelegate.swift; sourceTree = "<group>"; };
		F1C942FE2A93263B000AEA67 /* GameViewController.swift */ = {isa = PBXFileReference; lastKnownFileType = sourcecode.swift; path = GameViewController.swift; sourceTree = "<group>"; };
		F1C943012A93263B000AEA67 /* Base */ = {isa = PBXFileReference; lastKnownFileType = file.storyboard; name = Base; path = Base.lproj/Main.storyboard; sourceTree = "<group>"; };
		F1C943032A93263E000AEA67 /* Assets.xcassets */ = {isa = PBXFileReference; lastKnownFileType = folder.assetcatalog; path = Assets.xcassets; sourceTree = "<group>"; };
		F1C943062A93263E000AEA67 /* Base */ = {isa = PBXFileReference; lastKnownFileType = file.storyboard; name = Base; path = Base.lproj/LaunchScreen.storyboard; sourceTree = "<group>"; };
		F1C943082A93263E000AEA67 /* Info.plist */ = {isa = PBXFileReference; lastKnownFileType = text.plist.xml; path = Info.plist; sourceTree = "<group>"; };
		F1CC249E2AB3E34100D611CF /* DBManager.swift */ = {isa = PBXFileReference; lastKnownFileType = sourcecode.swift; path = DBManager.swift; sourceTree = "<group>"; };
		F1D611F22ADCF54900FE2EDB /* ProfileViewController.swift */ = {isa = PBXFileReference; lastKnownFileType = sourcecode.swift; path = ProfileViewController.swift; sourceTree = "<group>"; };
		F1FEB8302B218246005CA3E0 /* GameResultViewController.swift */ = {isa = PBXFileReference; lastKnownFileType = sourcecode.swift; path = GameResultViewController.swift; sourceTree = "<group>"; };
/* End PBXFileReference section */

/* Begin PBXFrameworksBuildPhase section */
		F1C942F42A93263B000AEA67 /* Frameworks */ = {
			isa = PBXFrameworksBuildPhase;
			buildActionMask = 2147483647;
			files = (
			);
			runOnlyForDeploymentPostprocessing = 0;
		};
/* End PBXFrameworksBuildPhase section */

/* Begin PBXGroup section */
		F1C8BA8D2A9C320F00F3E64D /* Controller */ = {
			isa = PBXGroup;
			children = (
				F1C737082A987E2F00B0D8E6 /* LoginViewController.swift */,
				F1C7370A2A9881B300B0D8E6 /* CreateAccountViewController.swift */,
				F1C8BA8B2A9C31F500F3E64D /* MainViewController.swift */,
				F1C942FE2A93263B000AEA67 /* GameViewController.swift */,
				F1FEB8302B218246005CA3E0 /* GameResultViewController.swift */,
				F1C19DCB2AD4D19E00236C55 /* RankingViewController.swift */,
				F1D611F22ADCF54900FE2EDB /* ProfileViewController.swift */,
				F12118A22B2051A900469E9C /* ChangePWViewController.swift */,
				F18644A02A9EF99800579A3B /* BaseViewController.swift */,
				F1CC249E2AB3E34100D611CF /* DBManager.swift */,
			);
			path = Controller;
			sourceTree = "<group>";
		};
		F1C942EE2A93263A000AEA67 = {
			isa = PBXGroup;
			children = (
				F1C942F92A93263B000AEA67 /* 1to50 */,
				F1C942F82A93263B000AEA67 /* Products */,
			);
			sourceTree = "<group>";
		};
		F1C942F82A93263B000AEA67 /* Products */ = {
			isa = PBXGroup;
			children = (
				F1C942F72A93263B000AEA67 /* 1to50.app */,
			);
			name = Products;
			sourceTree = "<group>";
		};
		F1C942F92A93263B000AEA67 /* 1to50 */ = {
			isa = PBXGroup;
			children = (
				F1C942FA2A93263B000AEA67 /* AppDelegate.swift */,
				F1C942FC2A93263B000AEA67 /* SceneDelegate.swift */,
				F1C8BA8D2A9C320F00F3E64D /* Controller */,
				F1CED3BF2B1EB50A00BB5BB9 /* Fonts */,
				F1C943002A93263B000AEA67 /* Main.storyboard */,
				F1C943032A93263E000AEA67 /* Assets.xcassets */,
				F1C943052A93263E000AEA67 /* LaunchScreen.storyboard */,
				F1C943082A93263E000AEA67 /* Info.plist */,
			);
			path = 1to50;
			sourceTree = "<group>";
		};
		F1CED3BF2B1EB50A00BB5BB9 /* Fonts */ = {
			isa = PBXGroup;
			children = (
				F12304872B3A9CD3004A4194 /* NPSfont_bold.ttf */,
				F12304892B3A9CD3004A4194 /* NPSfont_extrabold.ttf */,
				F12304882B3A9CD3004A4194 /* NPSfont_regular.ttf */,
			);
			path = Fonts;
			sourceTree = "<group>";
		};
/* End PBXGroup section */

/* Begin PBXNativeTarget section */
		F1C942F62A93263B000AEA67 /* 1to50 */ = {
			isa = PBXNativeTarget;
			buildConfigurationList = F1C9430B2A93263E000AEA67 /* Build configuration list for PBXNativeTarget "1to50" */;
			buildPhases = (
				F1C942F32A93263B000AEA67 /* Sources */,
				F1C942F42A93263B000AEA67 /* Frameworks */,
				F1C942F52A93263B000AEA67 /* Resources */,
			);
			buildRules = (
			);
			dependencies = (
			);
			name = 1to50;
			packageProductDependencies = (
			);
			productName = 1to50;
			productReference = F1C942F72A93263B000AEA67 /* 1to50.app */;
			productType = "com.apple.product-type.application";
		};
/* End PBXNativeTarget section */

/* Begin PBXProject section */
		F1C942EF2A93263A000AEA67 /* Project object */ = {
			isa = PBXProject;
			attributes = {
				BuildIndependentTargetsInParallel = 1;
				LastSwiftUpdateCheck = 1430;
				LastUpgradeCheck = 1500;
				TargetAttributes = {
					F1C942F62A93263B000AEA67 = {
						CreatedOnToolsVersion = 14.3.1;
					};
				};
			};
			buildConfigurationList = F1C942F22A93263A000AEA67 /* Build configuration list for PBXProject "1to50" */;
			compatibilityVersion = "Xcode 14.0";
			developmentRegion = en;
			hasScannedForEncodings = 0;
			knownRegions = (
				en,
				Base,
			);
			mainGroup = F1C942EE2A93263A000AEA67;
			packageReferences = (
			);
			productRefGroup = F1C942F82A93263B000AEA67 /* Products */;
			projectDirPath = "";
			projectRoot = "";
			targets = (
				F1C942F62A93263B000AEA67 /* 1to50 */,
			);
		};
/* End PBXProject section */

/* Begin PBXResourcesBuildPhase section */
		F1C942F52A93263B000AEA67 /* Resources */ = {
			isa = PBXResourcesBuildPhase;
			buildActionMask = 2147483647;
			files = (
				F123048A2B3A9CD4004A4194 /* NPSfont_bold.ttf in Resources */,
				F1C943072A93263E000AEA67 /* LaunchScreen.storyboard in Resources */,
				F1C943042A93263E000AEA67 /* Assets.xcassets in Resources */,
				F123048C2B3A9CD4004A4194 /* NPSfont_extrabold.ttf in Resources */,
				F1C943022A93263B000AEA67 /* Main.storyboard in Resources */,
				F123048B2B3A9CD4004A4194 /* NPSfont_regular.ttf in Resources */,
			);
			runOnlyForDeploymentPostprocessing = 0;
		};
/* End PBXResourcesBuildPhase section */

/* Begin PBXSourcesBuildPhase section */
		F1C942F32A93263B000AEA67 /* Sources */ = {
			isa = PBXSourcesBuildPhase;
			buildActionMask = 2147483647;
			files = (
				F1C7370B2A9881B300B0D8E6 /* CreateAccountViewController.swift in Sources */,
				F1C737092A987E2F00B0D8E6 /* LoginViewController.swift in Sources */,
				F1C942FF2A93263B000AEA67 /* GameViewController.swift in Sources */,
				F1FEB8312B218246005CA3E0 /* GameResultViewController.swift in Sources */,
				F1CC249F2AB3E34100D611CF /* DBManager.swift in Sources */,
				F1C19DCC2AD4D19E00236C55 /* RankingViewController.swift in Sources */,
				F12118A32B2051A900469E9C /* ChangePWViewController.swift in Sources */,
				F1D611F32ADCF54900FE2EDB /* ProfileViewController.swift in Sources */,
				F1C8BA8C2A9C31F500F3E64D /* MainViewController.swift in Sources */,
				F1C942FB2A93263B000AEA67 /* AppDelegate.swift in Sources */,
				F18644A12A9EF99800579A3B /* BaseViewController.swift in Sources */,
				F1C942FD2A93263B000AEA67 /* SceneDelegate.swift in Sources */,
			);
			runOnlyForDeploymentPostprocessing = 0;
		};
/* End PBXSourcesBuildPhase section */

/* Begin PBXVariantGroup section */
		F1C943002A93263B000AEA67 /* Main.storyboard */ = {
			isa = PBXVariantGroup;
			children = (
				F1C943012A93263B000AEA67 /* Base */,
			);
			name = Main.storyboard;
			sourceTree = "<group>";
		};
		F1C943052A93263E000AEA67 /* LaunchScreen.storyboard */ = {
			isa = PBXVariantGroup;
			children = (
				F1C943062A93263E000AEA67 /* Base */,
			);
			name = LaunchScreen.storyboard;
			sourceTree = "<group>";
		};
/* End PBXVariantGroup section */

/* Begin XCBuildConfiguration section */
		F1C943092A93263E000AEA67 /* Debug */ = {
			isa = XCBuildConfiguration;
			buildSettings = {
				ALWAYS_SEARCH_USER_PATHS = NO;
				CLANG_ANALYZER_NONNULL = YES;
				CLANG_ANALYZER_NUMBER_OBJECT_CONVERSION = YES_AGGRESSIVE;
				CLANG_CXX_LANGUAGE_STANDARD = "gnu++17";
				CLANG_ENABLE_MODULES = YES;
				CLANG_ENABLE_OBJC_ARC = YES;
				CLANG_ENABLE_OBJC_WEAK = YES;
				CLANG_WARN_BLOCK_CAPTURE_AUTORELEASING = YES;
				CLANG_WARN_BOOL_CONVERSION = YES;
				CLANG_WARN_COMMA = YES;
				CLANG_WARN_CONSTANT_CONVERSION = YES;
				CLANG_WARN_DEPRECATED_OBJC_IMPLEMENTATIONS = YES;
				CLANG_WARN_DIRECT_OBJC_ISA_USAGE = YES_ERROR;
				CLANG_WARN_DOCUMENTATION_COMMENTS = YES;
				CLANG_WARN_EMPTY_BODY = YES;
				CLANG_WARN_ENUM_CONVERSION = YES;
				CLANG_WARN_INFINITE_RECURSION = YES;
				CLANG_WARN_INT_CONVERSION = YES;
				CLANG_WARN_NON_LITERAL_NULL_CONVERSION = YES;
				CLANG_WARN_OBJC_IMPLICIT_RETAIN_SELF = YES;
				CLANG_WARN_OBJC_LITERAL_CONVERSION = YES;
				CLANG_WARN_OBJC_ROOT_CLASS = YES_ERROR;
				CLANG_WARN_QUOTED_INCLUDE_IN_FRAMEWORK_HEADER = YES;
				CLANG_WARN_RANGE_LOOP_ANALYSIS = YES;
				CLANG_WARN_STRICT_PROTOTYPES = YES;
				CLANG_WARN_SUSPICIOUS_MOVE = YES;
				CLANG_WARN_UNGUARDED_AVAILABILITY = YES_AGGRESSIVE;
				CLANG_WARN_UNREACHABLE_CODE = YES;
				CLANG_WARN__DUPLICATE_METHOD_MATCH = YES;
				COPY_PHASE_STRIP = NO;
				DEBUG_INFORMATION_FORMAT = dwarf;
				ENABLE_STRICT_OBJC_MSGSEND = YES;
				ENABLE_TESTABILITY = YES;
				ENABLE_USER_SCRIPT_SANDBOXING = YES;
				GCC_C_LANGUAGE_STANDARD = gnu11;
				GCC_DYNAMIC_NO_PIC = NO;
				GCC_NO_COMMON_BLOCKS = YES;
				GCC_OPTIMIZATION_LEVEL = 0;
				GCC_PREPROCESSOR_DEFINITIONS = (
					"DEBUG=1",
					"$(inherited)",
				);
				GCC_WARN_64_TO_32_BIT_CONVERSION = YES;
				GCC_WARN_ABOUT_RETURN_TYPE = YES_ERROR;
				GCC_WARN_UNDECLARED_SELECTOR = YES;
				GCC_WARN_UNINITIALIZED_AUTOS = YES_AGGRESSIVE;
				GCC_WARN_UNUSED_FUNCTION = YES;
				GCC_WARN_UNUSED_VARIABLE = YES;
				IPHONEOS_DEPLOYMENT_TARGET = 15.0;
				MTL_ENABLE_DEBUG_INFO = INCLUDE_SOURCE;
				MTL_FAST_MATH = YES;
				ONLY_ACTIVE_ARCH = YES;
				SDKROOT = iphoneos;
				SWIFT_ACTIVE_COMPILATION_CONDITIONS = DEBUG;
				SWIFT_OPTIMIZATION_LEVEL = "-Onone";
			};
			name = Debug;
		};
		F1C9430A2A93263E000AEA67 /* Release */ = {
			isa = XCBuildConfiguration;
			buildSettings = {
				ALWAYS_SEARCH_USER_PATHS = NO;
				CLANG_ANALYZER_NONNULL = YES;
				CLANG_ANALYZER_NUMBER_OBJECT_CONVERSION = YES_AGGRESSIVE;
				CLANG_CXX_LANGUAGE_STANDARD = "gnu++17";
				CLANG_ENABLE_MODULES = YES;
				CLANG_ENABLE_OBJC_ARC = YES;
				CLANG_ENABLE_OBJC_WEAK = YES;
				CLANG_WARN_BLOCK_CAPTURE_AUTORELEASING = YES;
				CLANG_WARN_BOOL_CONVERSION = YES;
				CLANG_WARN_COMMA = YES;
				CLANG_WARN_CONSTANT_CONVERSION = YES;
				CLANG_WARN_DEPRECATED_OBJC_IMPLEMENTATIONS = YES;
				CLANG_WARN_DIRECT_OBJC_ISA_USAGE = YES_ERROR;
				CLANG_WARN_DOCUMENTATION_COMMENTS = YES;
				CLANG_WARN_EMPTY_BODY = YES;
				CLANG_WARN_ENUM_CONVERSION = YES;
				CLANG_WARN_INFINITE_RECURSION = YES;
				CLANG_WARN_INT_CONVERSION = YES;
				CLANG_WARN_NON_LITERAL_NULL_CONVERSION = YES;
				CLANG_WARN_OBJC_IMPLICIT_RETAIN_SELF = YES;
				CLANG_WARN_OBJC_LITERAL_CONVERSION = YES;
				CLANG_WARN_OBJC_ROOT_CLASS = YES_ERROR;
				CLANG_WARN_QUOTED_INCLUDE_IN_FRAMEWORK_HEADER = YES;
				CLANG_WARN_RANGE_LOOP_ANALYSIS = YES;
				CLANG_WARN_STRICT_PROTOTYPES = YES;
				CLANG_WARN_SUSPICIOUS_MOVE = YES;
				CLANG_WARN_UNGUARDED_AVAILABILITY = YES_AGGRESSIVE;
				CLANG_WARN_UNREACHABLE_CODE = YES;
				CLANG_WARN__DUPLICATE_METHOD_MATCH = YES;
				COPY_PHASE_STRIP = NO;
				DEBUG_INFORMATION_FORMAT = "dwarf-with-dsym";
				ENABLE_NS_ASSERTIONS = NO;
				ENABLE_STRICT_OBJC_MSGSEND = YES;
				ENABLE_USER_SCRIPT_SANDBOXING = YES;
				GCC_C_LANGUAGE_STANDARD = gnu11;
				GCC_NO_COMMON_BLOCKS = YES;
				GCC_WARN_64_TO_32_BIT_CONVERSION = YES;
				GCC_WARN_ABOUT_RETURN_TYPE = YES_ERROR;
				GCC_WARN_UNDECLARED_SELECTOR = YES;
				GCC_WARN_UNINITIALIZED_AUTOS = YES_AGGRESSIVE;
				GCC_WARN_UNUSED_FUNCTION = YES;
				GCC_WARN_UNUSED_VARIABLE = YES;
				IPHONEOS_DEPLOYMENT_TARGET = 15.0;
				MTL_ENABLE_DEBUG_INFO = NO;
				MTL_FAST_MATH = YES;
				ONLY_ACTIVE_ARCH = YES;
				SDKROOT = iphoneos;
				SWIFT_COMPILATION_MODE = wholemodule;
				SWIFT_OPTIMIZATION_LEVEL = "-O";
				VALIDATE_PRODUCT = YES;
			};
			name = Release;
		};
		F1C9430C2A93263E000AEA67 /* Debug */ = {
			isa = XCBuildConfiguration;
			buildSettings = {
				ASSETCATALOG_COMPILER_APPICON_NAME = AppIcon;
				ASSETCATALOG_COMPILER_GLOBAL_ACCENT_COLOR_NAME = AccentColor;
				CLANG_CXX_LANGUAGE_STANDARD = "gnu++20";
				CODE_SIGN_STYLE = Automatic;
				CURRENT_PROJECT_VERSION = 1;
				DEVELOPMENT_TEAM = UM389RD7T2;
				GENERATE_INFOPLIST_FILE = YES;
				INFOPLIST_FILE = 1to50/Info.plist;
				INFOPLIST_KEY_UIApplicationSupportsIndirectInputEvents = YES;
				INFOPLIST_KEY_UILaunchStoryboardName = LaunchScreen;
				INFOPLIST_KEY_UIMainStoryboardFile = Main;
				INFOPLIST_KEY_UIStatusBarStyle = UIStatusBarStyleDarkContent;
				INFOPLIST_KEY_UISupportedInterfaceOrientations = "UIInterfaceOrientationLandscapeLeft UIInterfaceOrientationLandscapeRight UIInterfaceOrientationPortrait UIInterfaceOrientationPortraitUpsideDown";
				INFOPLIST_KEY_UISupportedInterfaceOrientations_iPad = "";
				LD_RUNPATH_SEARCH_PATHS = (
					"$(inherited)",
					"@executable_path/Frameworks",
				);
				MARKETING_VERSION = 1.0;
				PRODUCT_BUNDLE_IDENTIFIER = "seungwook.-to50";
				PRODUCT_NAME = "$(TARGET_NAME)";
				SWIFT_EMIT_LOC_STRINGS = YES;
				SWIFT_VERSION = 5.0;
				TARGETED_DEVICE_FAMILY = "1,2";
			};
			name = Debug;
		};
		F1C9430D2A93263E000AEA67 /* Release */ = {
			isa = XCBuildConfiguration;
			buildSettings = {
				ASSETCATALOG_COMPILER_APPICON_NAME = AppIcon;
				ASSETCATALOG_COMPILER_GLOBAL_ACCENT_COLOR_NAME = AccentColor;
				CLANG_CXX_LANGUAGE_STANDARD = "gnu++20";
				CODE_SIGN_STYLE = Automatic;
				CURRENT_PROJECT_VERSION = 1;
				DEVELOPMENT_TEAM = UM389RD7T2;
				GENERATE_INFOPLIST_FILE = YES;
				INFOPLIST_FILE = 1to50/Info.plist;
				INFOPLIST_KEY_UIApplicationSupportsIndirectInputEvents = YES;
				INFOPLIST_KEY_UILaunchStoryboardName = LaunchScreen;
				INFOPLIST_KEY_UIMainStoryboardFile = Main;
				INFOPLIST_KEY_UIStatusBarStyle = UIStatusBarStyleDarkContent;
				INFOPLIST_KEY_UISupportedInterfaceOrientations = "UIInterfaceOrientationLandscapeLeft UIInterfaceOrientationLandscapeRight UIInterfaceOrientationPortrait UIInterfaceOrientationPortraitUpsideDown";
				INFOPLIST_KEY_UISupportedInterfaceOrientations_iPad = "";
				LD_RUNPATH_SEARCH_PATHS = (
					"$(inherited)",
					"@executable_path/Frameworks",
				);
				MARKETING_VERSION = 1.0;
				OTHER_LDFLAGS = "";
				PRODUCT_BUNDLE_IDENTIFIER = "seungwook.-to50";
				PRODUCT_NAME = "$(TARGET_NAME)";
				SWIFT_EMIT_LOC_STRINGS = YES;
				SWIFT_VERSION = 5.0;
				TARGETED_DEVICE_FAMILY = "1,2";
			};
			name = Release;
		};
/* End XCBuildConfiguration section */

/* Begin XCConfigurationList section */
		F1C942F22A93263A000AEA67 /* Build configuration list for PBXProject "1to50" */ = {
			isa = XCConfigurationList;
			buildConfigurations = (
				F1C943092A93263E000AEA67 /* Debug */,
				F1C9430A2A93263E000AEA67 /* Release */,
			);
			defaultConfigurationIsVisible = 0;
			defaultConfigurationName = Release;
		};
		F1C9430B2A93263E000AEA67 /* Build configuration list for PBXNativeTarget "1to50" */ = {
			isa = XCConfigurationList;
			buildConfigurations = (
				F1C9430C2A93263E000AEA67 /* Debug */,
				F1C9430D2A93263E000AEA67 /* Release */,
			);
			defaultConfigurationIsVisible = 0;
			defaultConfigurationName = Release;
		};
/* End XCConfigurationList section */
	};
	rootObject = F1C942EF2A93263A000AEA67 /* Project object */;
}
